// !$*UTF8*$!
{
	archiveVersion = 1;
	classes = {
	};
	objectVersion = 46;
	objects = {

/* Begin PBXBuildFile section */
		06BAA1511931A60500BEF36B /* Foundation.framework in Frameworks */ = {isa = PBXBuildFile; fileRef = 06BAA1501931A60500BEF36B /* Foundation.framework */; };
		06BAA1531931A60500BEF36B /* CoreGraphics.framework in Frameworks */ = {isa = PBXBuildFile; fileRef = 06BAA1521931A60500BEF36B /* CoreGraphics.framework */; };
		06BAA1551931A60500BEF36B /* UIKit.framework in Frameworks */ = {isa = PBXBuildFile; fileRef = 06BAA1541931A60500BEF36B /* UIKit.framework */; };
		06BAA15B1931A60500BEF36B /* InfoPlist.strings in Resources */ = {isa = PBXBuildFile; fileRef = 06BAA1591931A60500BEF36B /* InfoPlist.strings */; };
		06BAA15D1931A60500BEF36B /* main.m in Sources */ = {isa = PBXBuildFile; fileRef = 06BAA15C1931A60500BEF36B /* main.m */; };
		06BAA1611931A60500BEF36B /* PBAppDelegate.m in Sources */ = {isa = PBXBuildFile; fileRef = 06BAA1601931A60500BEF36B /* PBAppDelegate.m */; };
		06BAA1641931A60500BEF36B /* Main.storyboard in Resources */ = {isa = PBXBuildFile; fileRef = 06BAA1621931A60500BEF36B /* Main.storyboard */; };
		06BAA1691931A60500BEF36B /* Images.xcassets in Resources */ = {isa = PBXBuildFile; fileRef = 06BAA1681931A60500BEF36B /* Images.xcassets */; };
		06BAA1701931A60500BEF36B /* XCTest.framework in Frameworks */ = {isa = PBXBuildFile; fileRef = 06BAA16F1931A60500BEF36B /* XCTest.framework */; };
		06BAA1711931A60500BEF36B /* Foundation.framework in Frameworks */ = {isa = PBXBuildFile; fileRef = 06BAA1501931A60500BEF36B /* Foundation.framework */; };
		06BAA1721931A60500BEF36B /* UIKit.framework in Frameworks */ = {isa = PBXBuildFile; fileRef = 06BAA1541931A60500BEF36B /* UIKit.framework */; };
		06BAA17A1931A60500BEF36B /* InfoPlist.strings in Resources */ = {isa = PBXBuildFile; fileRef = 06BAA1781931A60500BEF36B /* InfoPlist.strings */; };
		06BAA17C1931A60500BEF36B /* paboo_4Tests.m in Sources */ = {isa = PBXBuildFile; fileRef = 06BAA17B1931A60500BEF36B /* paboo_4Tests.m */; };
		06BAA1871931A80100BEF36B /* PBProductSearchViewController.m in Sources */ = {isa = PBXBuildFile; fileRef = 06BAA1861931A80100BEF36B /* PBProductSearchViewController.m */; };
		06BAA18A1931A81C00BEF36B /* PBProductDetailViewController.m in Sources */ = {isa = PBXBuildFile; fileRef = 06BAA1891931A81C00BEF36B /* PBProductDetailViewController.m */; };
		06BAA18D1931A84600BEF36B /* PBResultsViewController.m in Sources */ = {isa = PBXBuildFile; fileRef = 06BAA18C1931A84600BEF36B /* PBResultsViewController.m */; };
		06BAA1921931A8B800BEF36B /* PBProduct.m in Sources */ = {isa = PBXBuildFile; fileRef = 06BAA1911931A8B800BEF36B /* PBProduct.m */; };
		06BAA1971931A8F800BEF36B /* PBSearchingProducts.m in Sources */ = {isa = PBXBuildFile; fileRef = 06BAA1961931A8F800BEF36B /* PBSearchingProducts.m */; };
		06BAA19A1931A90B00BEF36B /* PBLookingResults.m in Sources */ = {isa = PBXBuildFile; fileRef = 06BAA1991931A90B00BEF36B /* PBLookingResults.m */; };
		06BAA19D1931A94700BEF36B /* PBLookingDetailOfProduct.m in Sources */ = {isa = PBXBuildFile; fileRef = 06BAA19C1931A94700BEF36B /* PBLookingDetailOfProduct.m */; };
		06BAA1A31931A99C00BEF36B /* PBRakutenBookAPIWrapper.m in Sources */ = {isa = PBXBuildFile; fileRef = 06BAA1A21931A99C00BEF36B /* PBRakutenBookAPIWrapper.m */; };
		06BAA1AB19331D7B00BEF36B /* PBSearchingProductsFactory.m in Sources */ = {isa = PBXBuildFile; fileRef = 06BAA1AA19331D7B00BEF36B /* PBSearchingProductsFactory.m */; };
		06BC91E319345E6900697625 /* PBProductionLookingResultsFactory.m in Sources */ = {isa = PBXBuildFile; fileRef = 06BC91E219345E6900697625 /* PBProductionLookingResultsFactory.m */; };
/* End PBXBuildFile section */

/* Begin PBXContainerItemProxy section */
		06BAA1731931A60500BEF36B /* PBXContainerItemProxy */ = {
			isa = PBXContainerItemProxy;
			containerPortal = 06BAA1451931A60500BEF36B /* Project object */;
			proxyType = 1;
			remoteGlobalIDString = 06BAA14C1931A60500BEF36B;
			remoteInfo = paboo_4;
		};
/* End PBXContainerItemProxy section */

/* Begin PBXFileReference section */
		06BAA14D1931A60500BEF36B /* paboo_4.app */ = {isa = PBXFileReference; explicitFileType = wrapper.application; includeInIndex = 0; path = paboo_4.app; sourceTree = BUILT_PRODUCTS_DIR; };
		06BAA1501931A60500BEF36B /* Foundation.framework */ = {isa = PBXFileReference; lastKnownFileType = wrapper.framework; name = Foundation.framework; path = System/Library/Frameworks/Foundation.framework; sourceTree = SDKROOT; };
		06BAA1521931A60500BEF36B /* CoreGraphics.framework */ = {isa = PBXFileReference; lastKnownFileType = wrapper.framework; name = CoreGraphics.framework; path = System/Library/Frameworks/CoreGraphics.framework; sourceTree = SDKROOT; };
		06BAA1541931A60500BEF36B /* UIKit.framework */ = {isa = PBXFileReference; lastKnownFileType = wrapper.framework; name = UIKit.framework; path = System/Library/Frameworks/UIKit.framework; sourceTree = SDKROOT; };
		06BAA1581931A60500BEF36B /* paboo_4-Info.plist */ = {isa = PBXFileReference; lastKnownFileType = text.plist.xml; path = "paboo_4-Info.plist"; sourceTree = "<group>"; };
		06BAA15A1931A60500BEF36B /* en */ = {isa = PBXFileReference; lastKnownFileType = text.plist.strings; name = en; path = en.lproj/InfoPlist.strings; sourceTree = "<group>"; };
		06BAA15C1931A60500BEF36B /* main.m */ = {isa = PBXFileReference; lastKnownFileType = sourcecode.c.objc; path = main.m; sourceTree = "<group>"; };
		06BAA15E1931A60500BEF36B /* paboo_4-Prefix.pch */ = {isa = PBXFileReference; lastKnownFileType = sourcecode.c.h; path = "paboo_4-Prefix.pch"; sourceTree = "<group>"; };
		06BAA15F1931A60500BEF36B /* PBAppDelegate.h */ = {isa = PBXFileReference; lastKnownFileType = sourcecode.c.h; path = PBAppDelegate.h; sourceTree = "<group>"; };
		06BAA1601931A60500BEF36B /* PBAppDelegate.m */ = {isa = PBXFileReference; lastKnownFileType = sourcecode.c.objc; path = PBAppDelegate.m; sourceTree = "<group>"; };
		06BAA1631931A60500BEF36B /* Base */ = {isa = PBXFileReference; lastKnownFileType = file.storyboard; name = Base; path = Base.lproj/Main.storyboard; sourceTree = "<group>"; };
		06BAA1681931A60500BEF36B /* Images.xcassets */ = {isa = PBXFileReference; lastKnownFileType = folder.assetcatalog; path = Images.xcassets; sourceTree = "<group>"; };
		06BAA16E1931A60500BEF36B /* paboo_4Tests.xctest */ = {isa = PBXFileReference; explicitFileType = wrapper.cfbundle; includeInIndex = 0; path = paboo_4Tests.xctest; sourceTree = BUILT_PRODUCTS_DIR; };
		06BAA16F1931A60500BEF36B /* XCTest.framework */ = {isa = PBXFileReference; lastKnownFileType = wrapper.framework; name = XCTest.framework; path = Library/Frameworks/XCTest.framework; sourceTree = DEVELOPER_DIR; };
		06BAA1771931A60500BEF36B /* paboo_4Tests-Info.plist */ = {isa = PBXFileReference; lastKnownFileType = text.plist.xml; path = "paboo_4Tests-Info.plist"; sourceTree = "<group>"; };
		06BAA1791931A60500BEF36B /* en */ = {isa = PBXFileReference; lastKnownFileType = text.plist.strings; name = en; path = en.lproj/InfoPlist.strings; sourceTree = "<group>"; };
		06BAA17B1931A60500BEF36B /* paboo_4Tests.m */ = {isa = PBXFileReference; lastKnownFileType = sourcecode.c.objc; path = paboo_4Tests.m; sourceTree = "<group>"; };
		06BAA1851931A80100BEF36B /* PBProductSearchViewController.h */ = {isa = PBXFileReference; fileEncoding = 4; lastKnownFileType = sourcecode.c.h; path = PBProductSearchViewController.h; sourceTree = "<group>"; };
		06BAA1861931A80100BEF36B /* PBProductSearchViewController.m */ = {isa = PBXFileReference; fileEncoding = 4; lastKnownFileType = sourcecode.c.objc; path = PBProductSearchViewController.m; sourceTree = "<group>"; };
		06BAA1881931A81C00BEF36B /* PBProductDetailViewController.h */ = {isa = PBXFileReference; fileEncoding = 4; lastKnownFileType = sourcecode.c.h; path = PBProductDetailViewController.h; sourceTree = "<group>"; };
		06BAA1891931A81C00BEF36B /* PBProductDetailViewController.m */ = {isa = PBXFileReference; fileEncoding = 4; lastKnownFileType = sourcecode.c.objc; path = PBProductDetailViewController.m; sourceTree = "<group>"; };
		06BAA18B1931A84600BEF36B /* PBResultsViewController.h */ = {isa = PBXFileReference; fileEncoding = 4; lastKnownFileType = sourcecode.c.h; path = PBResultsViewController.h; sourceTree = "<group>"; };
		06BAA18C1931A84600BEF36B /* PBResultsViewController.m */ = {isa = PBXFileReference; fileEncoding = 4; lastKnownFileType = sourcecode.c.objc; path = PBResultsViewController.m; sourceTree = "<group>"; };
		06BAA1901931A8B800BEF36B /* PBProduct.h */ = {isa = PBXFileReference; fileEncoding = 4; lastKnownFileType = sourcecode.c.h; path = PBProduct.h; sourceTree = "<group>"; };
		06BAA1911931A8B800BEF36B /* PBProduct.m */ = {isa = PBXFileReference; fileEncoding = 4; lastKnownFileType = sourcecode.c.objc; path = PBProduct.m; sourceTree = "<group>"; };
		06BAA1951931A8F800BEF36B /* PBSearchingProducts.h */ = {isa = PBXFileReference; fileEncoding = 4; lastKnownFileType = sourcecode.c.h; path = PBSearchingProducts.h; sourceTree = "<group>"; };
		06BAA1961931A8F800BEF36B /* PBSearchingProducts.m */ = {isa = PBXFileReference; fileEncoding = 4; lastKnownFileType = sourcecode.c.objc; path = PBSearchingProducts.m; sourceTree = "<group>"; };
		06BAA1981931A90B00BEF36B /* PBLookingResults.h */ = {isa = PBXFileReference; fileEncoding = 4; lastKnownFileType = sourcecode.c.h; path = PBLookingResults.h; sourceTree = "<group>"; };
		06BAA1991931A90B00BEF36B /* PBLookingResults.m */ = {isa = PBXFileReference; fileEncoding = 4; lastKnownFileType = sourcecode.c.objc; path = PBLookingResults.m; sourceTree = "<group>"; };
		06BAA19B1931A94700BEF36B /* PBLookingDetailOfProduct.h */ = {isa = PBXFileReference; fileEncoding = 4; lastKnownFileType = sourcecode.c.h; path = PBLookingDetailOfProduct.h; sourceTree = "<group>"; };
		06BAA19C1931A94700BEF36B /* PBLookingDetailOfProduct.m */ = {isa = PBXFileReference; fileEncoding = 4; lastKnownFileType = sourcecode.c.objc; path = PBLookingDetailOfProduct.m; sourceTree = "<group>"; };
		06BAA1A11931A99C00BEF36B /* PBRakutenBookAPIWrapper.h */ = {isa = PBXFileReference; fileEncoding = 4; lastKnownFileType = sourcecode.c.h; path = PBRakutenBookAPIWrapper.h; sourceTree = "<group>"; };
		06BAA1A21931A99C00BEF36B /* PBRakutenBookAPIWrapper.m */ = {isa = PBXFileReference; fileEncoding = 4; lastKnownFileType = sourcecode.c.objc; path = PBRakutenBookAPIWrapper.m; sourceTree = "<group>"; };
		06BAA1A81933188F00BEF36B /* PBProductSearchAPIWrapper.h */ = {isa = PBXFileReference; lastKnownFileType = sourcecode.c.h; path = PBProductSearchAPIWrapper.h; sourceTree = "<group>"; };
		06BAA1A919331D7B00BEF36B /* PBSearchingProductsFactory.h */ = {isa = PBXFileReference; fileEncoding = 4; lastKnownFileType = sourcecode.c.h; path = PBSearchingProductsFactory.h; sourceTree = "<group>"; };
		06BAA1AA19331D7B00BEF36B /* PBSearchingProductsFactory.m */ = {isa = PBXFileReference; fileEncoding = 4; lastKnownFileType = sourcecode.c.objc; path = PBSearchingProductsFactory.m; sourceTree = "<group>"; };
		06BC91E119345E6900697625 /* PBProductionLookingResultsFactory.h */ = {isa = PBXFileReference; fileEncoding = 4; lastKnownFileType = sourcecode.c.h; path = PBProductionLookingResultsFactory.h; sourceTree = "<group>"; };
		06BC91E219345E6900697625 /* PBProductionLookingResultsFactory.m */ = {isa = PBXFileReference; fileEncoding = 4; lastKnownFileType = sourcecode.c.objc; path = PBProductionLookingResultsFactory.m; sourceTree = "<group>"; };
		06F8B20B193C3C65007196E5 /* PBLookingResultsFactory.h */ = {isa = PBXFileReference; lastKnownFileType = sourcecode.c.h; path = PBLookingResultsFactory.h; sourceTree = "<group>"; };
/* End PBXFileReference section */

/* Begin PBXFrameworksBuildPhase section */
		06BAA14A1931A60500BEF36B /* Frameworks */ = {
			isa = PBXFrameworksBuildPhase;
			buildActionMask = 2147483647;
			files = (
				06BAA1531931A60500BEF36B /* CoreGraphics.framework in Frameworks */,
				06BAA1551931A60500BEF36B /* UIKit.framework in Frameworks */,
				06BAA1511931A60500BEF36B /* Foundation.framework in Frameworks */,
			);
			runOnlyForDeploymentPostprocessing = 0;
		};
		06BAA16B1931A60500BEF36B /* Frameworks */ = {
			isa = PBXFrameworksBuildPhase;
			buildActionMask = 2147483647;
			files = (
				06BAA1701931A60500BEF36B /* XCTest.framework in Frameworks */,
				06BAA1721931A60500BEF36B /* UIKit.framework in Frameworks */,
				06BAA1711931A60500BEF36B /* Foundation.framework in Frameworks */,
			);
			runOnlyForDeploymentPostprocessing = 0;
		};
/* End PBXFrameworksBuildPhase section */

/* Begin PBXGroup section */
		06BAA1441931A60500BEF36B = {
			isa = PBXGroup;
			children = (
				06BAA1561931A60500BEF36B /* paboo_4 */,
				06BAA1751931A60500BEF36B /* paboo_4Tests */,
				06BAA14F1931A60500BEF36B /* Frameworks */,
				06BAA14E1931A60500BEF36B /* Products */,
			);
			sourceTree = "<group>";
		};
		06BAA14E1931A60500BEF36B /* Products */ = {
			isa = PBXGroup;
			children = (
				06BAA14D1931A60500BEF36B /* paboo_4.app */,
				06BAA16E1931A60500BEF36B /* paboo_4Tests.xctest */,
			);
			name = Products;
			sourceTree = "<group>";
		};
		06BAA14F1931A60500BEF36B /* Frameworks */ = {
			isa = PBXGroup;
			children = (
				06BAA1501931A60500BEF36B /* Foundation.framework */,
				06BAA1521931A60500BEF36B /* CoreGraphics.framework */,
				06BAA1541931A60500BEF36B /* UIKit.framework */,
				06BAA16F1931A60500BEF36B /* XCTest.framework */,
			);
			name = Frameworks;
			sourceTree = "<group>";
		};
		06BAA1561931A60500BEF36B /* paboo_4 */ = {
			isa = PBXGroup;
			children = (
				06BAA1931931A8C400BEF36B /* Domain */,
				06BAA19E1931A95800BEF36B /* Application */,
				06BAA1AC19331D8800BEF36B /* Factory */,
				06BAA1A01931A96E00BEF36B /* Infrastructure */,
				06BAA18F1931A85F00BEF36B /* Presentation */,
				06BAA15F1931A60500BEF36B /* PBAppDelegate.h */,
				06BAA1601931A60500BEF36B /* PBAppDelegate.m */,
				06BAA1681931A60500BEF36B /* Images.xcassets */,
				06BAA1571931A60500BEF36B /* Supporting Files */,
			);
			path = paboo_4;
			sourceTree = "<group>";
		};
		06BAA1571931A60500BEF36B /* Supporting Files */ = {
			isa = PBXGroup;
			children = (
				06BAA1581931A60500BEF36B /* paboo_4-Info.plist */,
				06BAA1591931A60500BEF36B /* InfoPlist.strings */,
				06BAA15C1931A60500BEF36B /* main.m */,
				06BAA15E1931A60500BEF36B /* paboo_4-Prefix.pch */,
			);
			name = "Supporting Files";
			sourceTree = "<group>";
		};
		06BAA1751931A60500BEF36B /* paboo_4Tests */ = {
			isa = PBXGroup;
			children = (
				06BAA17B1931A60500BEF36B /* paboo_4Tests.m */,
				06BAA1761931A60500BEF36B /* Supporting Files */,
			);
			path = paboo_4Tests;
			sourceTree = "<group>";
		};
		06BAA1761931A60500BEF36B /* Supporting Files */ = {
			isa = PBXGroup;
			children = (
				06BAA1771931A60500BEF36B /* paboo_4Tests-Info.plist */,
				06BAA1781931A60500BEF36B /* InfoPlist.strings */,
			);
			name = "Supporting Files";
			sourceTree = "<group>";
		};
		06BAA18F1931A85F00BEF36B /* Presentation */ = {
			isa = PBXGroup;
			children = (
				06BAA1621931A60500BEF36B /* Main.storyboard */,
				06BAA1851931A80100BEF36B /* PBProductSearchViewController.h */,
				06BAA1861931A80100BEF36B /* PBProductSearchViewController.m */,
				06BAA18B1931A84600BEF36B /* PBResultsViewController.h */,
				06BAA18C1931A84600BEF36B /* PBResultsViewController.m */,
				06BAA1881931A81C00BEF36B /* PBProductDetailViewController.h */,
				06BAA1891931A81C00BEF36B /* PBProductDetailViewController.m */,
			);
			name = Presentation;
			sourceTree = "<group>";
		};
		06BAA1931931A8C400BEF36B /* Domain */ = {
			isa = PBXGroup;
			children = (
				06BAA1941931A8D000BEF36B /* Model */,
			);
			name = Domain;
			sourceTree = "<group>";
		};
		06BAA1941931A8D000BEF36B /* Model */ = {
			isa = PBXGroup;
			children = (
				06BAA1901931A8B800BEF36B /* PBProduct.h */,
				06BAA1911931A8B800BEF36B /* PBProduct.m */,
			);
			name = Model;
			sourceTree = "<group>";
		};
		06BAA19E1931A95800BEF36B /* Application */ = {
			isa = PBXGroup;
			children = (
				06BAA19F1931A96300BEF36B /* Context */,
				06BAA1A4193317DD00BEF36B /* Depenedency */,
			);
			name = Application;
			sourceTree = "<group>";
		};
		06BAA19F1931A96300BEF36B /* Context */ = {
			isa = PBXGroup;
			children = (
				06BAA1951931A8F800BEF36B /* PBSearchingProducts.h */,
				06BAA1961931A8F800BEF36B /* PBSearchingProducts.m */,
				06BAA1981931A90B00BEF36B /* PBLookingResults.h */,
				06BAA1991931A90B00BEF36B /* PBLookingResults.m */,
				06BAA19B1931A94700BEF36B /* PBLookingDetailOfProduct.h */,
				06BAA19C1931A94700BEF36B /* PBLookingDetailOfProduct.m */,
			);
			name = Context;
			sourceTree = "<group>";
		};
		06BAA1A01931A96E00BEF36B /* Infrastructure */ = {
			isa = PBXGroup;
			children = (
				06BAA1A11931A99C00BEF36B /* PBRakutenBookAPIWrapper.h */,
				06BAA1A21931A99C00BEF36B /* PBRakutenBookAPIWrapper.m */,
			);
			name = Infrastructure;
			sourceTree = "<group>";
		};
		06BAA1A4193317DD00BEF36B /* Depenedency */ = {
			isa = PBXGroup;
			children = (
				06BAA1A81933188F00BEF36B /* PBProductSearchAPIWrapper.h */,
				06F8B20B193C3C65007196E5 /* PBLookingResultsFactory.h */,
			);
			name = Depenedency;
			sourceTree = "<group>";
		};
		06BAA1AC19331D8800BEF36B /* Factory */ = {
			isa = PBXGroup;
			children = (
				06BAA1A919331D7B00BEF36B /* PBSearchingProductsFactory.h */,
				06BAA1AA19331D7B00BEF36B /* PBSearchingProductsFactory.m */,
				06BC91E119345E6900697625 /* PBProductionLookingResultsFactory.h */,
				06BC91E219345E6900697625 /* PBProductionLookingResultsFactory.m */,
			);
			name = Factory;
			sourceTree = "<group>";
		};
/* End PBXGroup section */

/* Begin PBXNativeTarget section */
		06BAA14C1931A60500BEF36B /* paboo_4 */ = {
			isa = PBXNativeTarget;
			buildConfigurationList = 06BAA17F1931A60500BEF36B /* Build configuration list for PBXNativeTarget "paboo_4" */;
			buildPhases = (
				06BAA1491931A60500BEF36B /* Sources */,
				06BAA14A1931A60500BEF36B /* Frameworks */,
				06BAA14B1931A60500BEF36B /* Resources */,
			);
			buildRules = (
			);
			dependencies = (
			);
			name = paboo_4;
			productName = paboo_4;
			productReference = 06BAA14D1931A60500BEF36B /* paboo_4.app */;
			productType = "com.apple.product-type.application";
		};
		06BAA16D1931A60500BEF36B /* paboo_4Tests */ = {
			isa = PBXNativeTarget;
			buildConfigurationList = 06BAA1821931A60500BEF36B /* Build configuration list for PBXNativeTarget "paboo_4Tests" */;
			buildPhases = (
				06BAA16A1931A60500BEF36B /* Sources */,
				06BAA16B1931A60500BEF36B /* Frameworks */,
				06BAA16C1931A60500BEF36B /* Resources */,
			);
			buildRules = (
			);
			dependencies = (
				06BAA1741931A60500BEF36B /* PBXTargetDependency */,
			);
			name = paboo_4Tests;
			productName = paboo_4Tests;
			productReference = 06BAA16E1931A60500BEF36B /* paboo_4Tests.xctest */;
			productType = "com.apple.product-type.bundle.unit-test";
		};
/* End PBXNativeTarget section */

/* Begin PBXProject section */
		06BAA1451931A60500BEF36B /* Project object */ = {
			isa = PBXProject;
			attributes = {
				CLASSPREFIX = PB;
				LastUpgradeCheck = 0510;
				ORGANIZATIONNAME = "___FULLUSERNAME___";
				TargetAttributes = {
					06BAA16D1931A60500BEF36B = {
						TestTargetID = 06BAA14C1931A60500BEF36B;
					};
				};
			};
			buildConfigurationList = 06BAA1481931A60500BEF36B /* Build configuration list for PBXProject "paboo_4" */;
			compatibilityVersion = "Xcode 3.2";
			developmentRegion = English;
			hasScannedForEncodings = 0;
			knownRegions = (
				en,
				Base,
			);
			mainGroup = 06BAA1441931A60500BEF36B;
			productRefGroup = 06BAA14E1931A60500BEF36B /* Products */;
			projectDirPath = "";
			projectRoot = "";
			targets = (
				06BAA14C1931A60500BEF36B /* paboo_4 */,
				06BAA16D1931A60500BEF36B /* paboo_4Tests */,
			);
		};
/* End PBXProject section */

/* Begin PBXResourcesBuildPhase section */
		06BAA14B1931A60500BEF36B /* Resources */ = {
			isa = PBXResourcesBuildPhase;
			buildActionMask = 2147483647;
			files = (
				06BAA1691931A60500BEF36B /* Images.xcassets in Resources */,
				06BAA15B1931A60500BEF36B /* InfoPlist.strings in Resources */,
				06BAA1641931A60500BEF36B /* Main.storyboard in Resources */,
			);
			runOnlyForDeploymentPostprocessing = 0;
		};
		06BAA16C1931A60500BEF36B /* Resources */ = {
			isa = PBXResourcesBuildPhase;
			buildActionMask = 2147483647;
			files = (
				06BAA17A1931A60500BEF36B /* InfoPlist.strings in Resources */,
			);
			runOnlyForDeploymentPostprocessing = 0;
		};
/* End PBXResourcesBuildPhase section */

/* Begin PBXSourcesBuildPhase section */
		06BAA1491931A60500BEF36B /* Sources */ = {
			isa = PBXSourcesBuildPhase;
			buildActionMask = 2147483647;
			files = (
				06BAA1611931A60500BEF36B /* PBAppDelegate.m in Sources */,
				06BAA15D1931A60500BEF36B /* main.m in Sources */,
				06BAA18D1931A84600BEF36B /* PBResultsViewController.m in Sources */,
				06BAA1971931A8F800BEF36B /* PBSearchingProducts.m in Sources */,
				06BAA1A31931A99C00BEF36B /* PBRakutenBookAPIWrapper.m in Sources */,
				06BAA19A1931A90B00BEF36B /* PBLookingResults.m in Sources */,
				06BAA1871931A80100BEF36B /* PBProductSearchViewController.m in Sources */,
				06BC91E319345E6900697625 /* PBProductionLookingResultsFactory.m in Sources */,
				06BAA18A1931A81C00BEF36B /* PBProductDetailViewController.m in Sources */,
				06BAA1AB19331D7B00BEF36B /* PBSearchingProductsFactory.m in Sources */,
				06BAA19D1931A94700BEF36B /* PBLookingDetailOfProduct.m in Sources */,
				06BAA1921931A8B800BEF36B /* PBProduct.m in Sources */,
			);
			runOnlyForDeploymentPostprocessing = 0;
		};
		06BAA16A1931A60500BEF36B /* Sources */ = {
			isa = PBXSourcesBuildPhase;
			buildActionMask = 2147483647;
			files = (
				06BAA17C1931A60500BEF36B /* paboo_4Tests.m in Sources */,
			);
			runOnlyForDeploymentPostprocessing = 0;
		};
/* End PBXSourcesBuildPhase section */

/* Begin PBXTargetDependency section */
		06BAA1741931A60500BEF36B /* PBXTargetDependency */ = {
			isa = PBXTargetDependency;
			target = 06BAA14C1931A60500BEF36B /* paboo_4 */;
			targetProxy = 06BAA1731931A60500BEF36B /* PBXContainerItemProxy */;
		};
/* End PBXTargetDependency section */

/* Begin PBXVariantGroup section */
		06BAA1591931A60500BEF36B /* InfoPlist.strings */ = {
			isa = PBXVariantGroup;
			children = (
				06BAA15A1931A60500BEF36B /* en */,
			);
			name = InfoPlist.strings;
			sourceTree = "<group>";
		};
		06BAA1621931A60500BEF36B /* Main.storyboard */ = {
			isa = PBXVariantGroup;
			children = (
				06BAA1631931A60500BEF36B /* Base */,
			);
			name = Main.storyboard;
			sourceTree = "<group>";
		};
		06BAA1781931A60500BEF36B /* InfoPlist.strings */ = {
			isa = PBXVariantGroup;
			children = (
				06BAA1791931A60500BEF36B /* en */,
			);
			name = InfoPlist.strings;
			sourceTree = "<group>";
		};
/* End PBXVariantGroup section */

/* Begin XCBuildConfiguration section */
		06BAA17D1931A60500BEF36B /* Debug */ = {
			isa = XCBuildConfiguration;
			buildSettings = {
				ALWAYS_SEARCH_USER_PATHS = NO;
				CLANG_CXX_LANGUAGE_STANDARD = "gnu++0x";
				CLANG_CXX_LIBRARY = "libc++";
				CLANG_ENABLE_MODULES = YES;
				CLANG_ENABLE_OBJC_ARC = YES;
				CLANG_WARN_BOOL_CONVERSION = YES;
				CLANG_WARN_CONSTANT_CONVERSION = YES;
				CLANG_WARN_DIRECT_OBJC_ISA_USAGE = YES_ERROR;
				CLANG_WARN_EMPTY_BODY = YES;
				CLANG_WARN_ENUM_CONVERSION = YES;
				CLANG_WARN_INT_CONVERSION = YES;
				CLANG_WARN_OBJC_ROOT_CLASS = YES_ERROR;
				CLANG_WARN__DUPLICATE_METHOD_MATCH = YES;
				"CODE_SIGN_IDENTITY[sdk=iphoneos*]" = "iPhone Developer";
				COPY_PHASE_STRIP = NO;
				GCC_C_LANGUAGE_STANDARD = gnu99;
				GCC_DYNAMIC_NO_PIC = NO;
				GCC_OPTIMIZATION_LEVEL = 0;
				GCC_PREPROCESSOR_DEFINITIONS = (
					"DEBUG=1",
					"$(inherited)",
				);
				GCC_SYMBOLS_PRIVATE_EXTERN = NO;
				GCC_WARN_64_TO_32_BIT_CONVERSION = YES;
				GCC_WARN_ABOUT_RETURN_TYPE = YES_ERROR;
				GCC_WARN_UNDECLARED_SELECTOR = YES;
				GCC_WARN_UNINITIALIZED_AUTOS = YES_AGGRESSIVE;
				GCC_WARN_UNUSED_FUNCTION = YES;
				GCC_WARN_UNUSED_VARIABLE = YES;
				IPHONEOS_DEPLOYMENT_TARGET = 7.1;
				ONLY_ACTIVE_ARCH = YES;
				SDKROOT = iphoneos;
			};
			name = Debug;
		};
		06BAA17E1931A60500BEF36B /* Release */ = {
			isa = XCBuildConfiguration;
			buildSettings = {
				ALWAYS_SEARCH_USER_PATHS = NO;
				CLANG_CXX_LANGUAGE_STANDARD = "gnu++0x";
				CLANG_CXX_LIBRARY = "libc++";
				CLANG_ENABLE_MODULES = YES;
				CLANG_ENABLE_OBJC_ARC = YES;
				CLANG_WARN_BOOL_CONVERSION = YES;
				CLANG_WARN_CONSTANT_CONVERSION = YES;
				CLANG_WARN_DIRECT_OBJC_ISA_USAGE = YES_ERROR;
				CLANG_WARN_EMPTY_BODY = YES;
				CLANG_WARN_ENUM_CONVERSION = YES;
				CLANG_WARN_INT_CONVERSION = YES;
				CLANG_WARN_OBJC_ROOT_CLASS = YES_ERROR;
				CLANG_WARN__DUPLICATE_METHOD_MATCH = YES;
				"CODE_SIGN_IDENTITY[sdk=iphoneos*]" = "iPhone Developer";
				COPY_PHASE_STRIP = YES;
				ENABLE_NS_ASSERTIONS = NO;
				GCC_C_LANGUAGE_STANDARD = gnu99;
				GCC_WARN_64_TO_32_BIT_CONVERSION = YES;
				GCC_WARN_ABOUT_RETURN_TYPE = YES_ERROR;
				GCC_WARN_UNDECLARED_SELECTOR = YES;
				GCC_WARN_UNINITIALIZED_AUTOS = YES_AGGRESSIVE;
				GCC_WARN_UNUSED_FUNCTION = YES;
				GCC_WARN_UNUSED_VARIABLE = YES;
				IPHONEOS_DEPLOYMENT_TARGET = 7.1;
				SDKROOT = iphoneos;
				VALIDATE_PRODUCT = YES;
			};
			name = Release;
		};
		06BAA1801931A60500BEF36B /* Debug */ = {
			isa = XCBuildConfiguration;
			buildSettings = {
				ASSETCATALOG_COMPILER_APPICON_NAME = AppIcon;
				ASSETCATALOG_COMPILER_LAUNCHIMAGE_NAME = LaunchImage;
				GCC_PRECOMPILE_PREFIX_HEADER = YES;
				GCC_PREFIX_HEADER = "paboo_4/paboo_4-Prefix.pch";
				INFOPLIST_FILE = "paboo_4/paboo_4-Info.plist";
				PRODUCT_NAME = "$(TARGET_NAME)";
				WRAPPER_EXTENSION = app;
			};
			name = Debug;
		};
		06BAA1811931A60500BEF36B /* Release */ = {
			isa = XCBuildConfiguration;
			buildSettings = {
				ASSETCATALOG_COMPILER_APPICON_NAME = AppIcon;
				ASSETCATALOG_COMPILER_LAUNCHIMAGE_NAME = LaunchImage;
				GCC_PRECOMPILE_PREFIX_HEADER = YES;
				GCC_PREFIX_HEADER = "paboo_4/paboo_4-Prefix.pch";
				INFOPLIST_FILE = "paboo_4/paboo_4-Info.plist";
				PRODUCT_NAME = "$(TARGET_NAME)";
				WRAPPER_EXTENSION = app;
			};
			name = Release;
		};
		06BAA1831931A60500BEF36B /* Debug */ = {
			isa = XCBuildConfiguration;
			buildSettings = {
				BUNDLE_LOADER = "$(BUILT_PRODUCTS_DIR)/paboo_4.app/paboo_4";
				FRAMEWORK_SEARCH_PATHS = (
					"$(SDKROOT)/Developer/Library/Frameworks",
					"$(inherited)",
					"$(DEVELOPER_FRAMEWORKS_DIR)",
				);
				GCC_PRECOMPILE_PREFIX_HEADER = YES;
				GCC_PREFIX_HEADER = "paboo_4/paboo_4-Prefix.pch";
				GCC_PREPROCESSOR_DEFINITIONS = (
					"DEBUG=1",
					"$(inherited)",
				);
				INFOPLIST_FILE = "paboo_4Tests/paboo_4Tests-Info.plist";
				PRODUCT_NAME = "$(TARGET_NAME)";
				TEST_HOST = "$(BUNDLE_LOADER)";
				WRAPPER_EXTENSION = xctest;
			};
			name = Debug;
		};
		06BAA1841931A60500BEF36B /* Release */ = {
			isa = XCBuildConfiguration;
			buildSettings = {
				BUNDLE_LOADER = "$(BUILT_PRODUCTS_DIR)/paboo_4.app/paboo_4";
				FRAMEWORK_SEARCH_PATHS = (
					"$(SDKROOT)/Developer/Library/Frameworks",
					"$(inherited)",
					"$(DEVELOPER_FRAMEWORKS_DIR)",
				);
				GCC_PRECOMPILE_PREFIX_HEADER = YES;
				GCC_PREFIX_HEADER = "paboo_4/paboo_4-Prefix.pch";
				INFOPLIST_FILE = "paboo_4Tests/paboo_4Tests-Info.plist";
				PRODUCT_NAME = "$(TARGET_NAME)";
				TEST_HOST = "$(BUNDLE_LOADER)";
				WRAPPER_EXTENSION = xctest;
			};
			name = Release;
		};
/* End XCBuildConfiguration section */

/* Begin XCConfigurationList section */
		06BAA1481931A60500BEF36B /* Build configuration list for PBXProject "paboo_4" */ = {
			isa = XCConfigurationList;
			buildConfigurations = (
				06BAA17D1931A60500BEF36B /* Debug */,
				06BAA17E1931A60500BEF36B /* Release */,
			);
			defaultConfigurationIsVisible = 0;
			defaultConfigurationName = Release;
		};
		06BAA17F1931A60500BEF36B /* Build configuration list for PBXNativeTarget "paboo_4" */ = {
			isa = XCConfigurationList;
			buildConfigurations = (
				06BAA1801931A60500BEF36B /* Debug */,
				06BAA1811931A60500BEF36B /* Release */,
			);
			defaultConfigurationIsVisible = 0;
			defaultConfigurationName = Release;
		};
		06BAA1821931A60500BEF36B /* Build configuration list for PBXNativeTarget "paboo_4Tests" */ = {
			isa = XCConfigurationList;
			buildConfigurations = (
				06BAA1831931A60500BEF36B /* Debug */,
				06BAA1841931A60500BEF36B /* Release */,
			);
			defaultConfigurationIsVisible = 0;
			defaultConfigurationName = Release;
		};
/* End XCConfigurationList section */
	};
	rootObject = 06BAA1451931A60500BEF36B /* Project object */;
}
